
Microsoft Visual Studio Solution File, Format Version 12.00
# Visual Studio Version 17
VisualStudioVersion = 17.9.34728.123
MinimumVisualStudioVersion = 10.0.40219.1
Project("{FAE04EC0-301F-11D3-BF4B-00C04F79EFBC}") = "WinHealthCheckerUI", "WindowsHealthCheckUI\WinHealthCheckerUI.csproj", "{F12E2512-FD90-41B4-8B17-80601139DFF9}"
EndProject
Project("{FAE04EC0-301F-11D3-BF4B-00C04F79EFBC}") = "Commands", "Commands\Commands.csproj", "{B07C579A-0E10-4294-BE91-26632961DAD9}"
EndProject
Project("{FAE04EC0-301F-11D3-BF4B-00C04F79EFBC}") = "WinHealthCheckerCLI", "WinHealthCheckerCLI\WinHealthCheckerCLI.csproj", "{3E19EB1F-7376-4D6D-AF0E-611276BB6D14}"
EndProject
Project("{54435603-DBB4-11D2-8724-00A0C9A8B90C}") = "WindowsHealthCheckInstallerProject", "WindowsHealthCheckInstallerProject\WindowsHealthCheckInstallerProject.vdproj", "{DD84C309-2011-4C9C-9369-CE8A74433AF1}"
EndProject
Global
	GlobalSection(SolutionConfigurationPlatforms) = preSolution
		Debug|Any CPU = Debug|Any CPU
		Release|Any CPU = Release|Any CPU
	EndGlobalSection
	GlobalSection(ProjectConfigurationPlatforms) = postSolution
		{F12E2512-FD90-41B4-8B17-80601139DFF9}.Debug|Any CPU.ActiveCfg = Debug|Any CPU
		{F12E2512-FD90-41B4-8B17-80601139DFF9}.Debug|Any CPU.Build.0 = Debug|Any CPU
		{F12E2512-FD90-41B4-8B17-80601139DFF9}.Release|Any CPU.ActiveCfg = Release|Any CPU
		{F12E2512-FD90-41B4-8B17-80601139DFF9}.Release|Any CPU.Build.0 = Release|Any CPU
		{B07C579A-0E10-4294-BE91-26632961DAD9}.Debug|Any CPU.ActiveCfg = Debug|Any CPU
		{B07C579A-0E10-4294-BE91-26632961DAD9}.Debug|Any CPU.Build.0 = Debug|Any CPU
		{B07C579A-0E10-4294-BE91-26632961DAD9}.Release|Any CPU.ActiveCfg = Release|Any CPU
		{B07C579A-0E10-4294-BE91-26632961DAD9}.Release|Any CPU.Build.0 = Release|Any CPU
		{3E19EB1F-7376-4D6D-AF0E-611276BB6D14}.Debug|Any CPU.ActiveCfg = Debug|Any CPU
		{3E19EB1F-7376-4D6D-AF0E-611276BB6D14}.Debug|Any CPU.Build.0 = Debug|Any CPU
		{3E19EB1F-7376-4D6D-AF0E-611276BB6D14}.Release|Any CPU.ActiveCfg = Release|Any CPU
		{3E19EB1F-7376-4D6D-AF0E-611276BB6D14}.Release|Any CPU.Build.0 = Release|Any CPU
		{DD84C309-2011-4C9C-9369-CE8A74433AF1}.Debug|Any CPU.ActiveCfg = Debug
		{DD84C309-2011-4C9C-9369-CE8A74433AF1}.Release|Any CPU.ActiveCfg = Release
	EndGlobalSection
	GlobalSection(SolutionProperties) = preSolution
		HideSolutionNode = FALSE
	EndGlobalSection
	GlobalSection(ExtensibilityGlobals) = postSolution
		SolutionGuid = {E5E67125-8085-4DD1-8BB9-836768965A0D}
	EndGlobalSection
EndGlobal
